// !$*UTF8*$!
{
	archiveVersion = 1;
	classes = {
	};
	objectVersion = 50;
	objects = {

/* Begin PBXBuildFile section */
		593A942221173C0400F4F4A2 /* RewardsCollectionViewCell.swift in Sources */ = {isa = PBXBuildFile; fileRef = 593A942021173C0400F4F4A2 /* RewardsCollectionViewCell.swift */; };
		593A942321173C0400F4F4A2 /* RewardsCollectionViewCell.xib in Resources */ = {isa = PBXBuildFile; fileRef = 593A942121173C0400F4F4A2 /* RewardsCollectionViewCell.xib */; };
		593A942A2117DD7800F4F4A2 /* RewardsTableViewCell.swift in Sources */ = {isa = PBXBuildFile; fileRef = 593A94292117DD7800F4F4A2 /* RewardsTableViewCell.swift */; };
		593A944D2119746800F4F4A2 /* HeaderCellTableViewCell.swift in Sources */ = {isa = PBXBuildFile; fileRef = 593A944B2119746800F4F4A2 /* HeaderCellTableViewCell.swift */; };
		593A944E2119746800F4F4A2 /* HeaderCellTableViewCell.xib in Resources */ = {isa = PBXBuildFile; fileRef = 593A944C2119746800F4F4A2 /* HeaderCellTableViewCell.xib */; };
		593A94552119C5E300F4F4A2 /* CategoryViewController.swift in Sources */ = {isa = PBXBuildFile; fileRef = 593A94532119C5E300F4F4A2 /* CategoryViewController.swift */; };
		596030182110640E00D84942 /* MenuView.swift in Sources */ = {isa = PBXBuildFile; fileRef = 596030172110640E00D84942 /* MenuView.swift */; };
		597140B821102ECB005FA8DA /* MainViewController.swift in Sources */ = {isa = PBXBuildFile; fileRef = 597140B721102ECB005FA8DA /* MainViewController.swift */; };
		59C69D282114A1D50085FAD7 /* CategoryCollectionViewCell.swift in Sources */ = {isa = PBXBuildFile; fileRef = 59C69D262114A1D50085FAD7 /* CategoryCollectionViewCell.swift */; };
		59C69D292114A1D50085FAD7 /* CategoryCollectionViewCell.xib in Resources */ = {isa = PBXBuildFile; fileRef = 59C69D272114A1D50085FAD7 /* CategoryCollectionViewCell.xib */; };
		59C69D2E2114BE050085FAD7 /* CategoryTableViewCell.swift in Sources */ = {isa = PBXBuildFile; fileRef = 59C69D2D2114BE050085FAD7 /* CategoryTableViewCell.swift */; };
		59C69D302115320D0085FAD7 /* RecommendTableViewCell.swift in Sources */ = {isa = PBXBuildFile; fileRef = 59C69D2F2115320D0085FAD7 /* RecommendTableViewCell.swift */; };
		59E78253210EE21C00C19A41 /* AppDelegate.swift in Sources */ = {isa = PBXBuildFile; fileRef = 59E78252210EE21C00C19A41 /* AppDelegate.swift */; };
		59E78258210EE21D00C19A41 /* Main.storyboard in Resources */ = {isa = PBXBuildFile; fileRef = 59E78256210EE21D00C19A41 /* Main.storyboard */; };
		59E7825B210EE21D00C19A41 /* WadizProject.xcdatamodeld in Sources */ = {isa = PBXBuildFile; fileRef = 59E78259210EE21D00C19A41 /* WadizProject.xcdatamodeld */; };
		59E7825D210EE21F00C19A41 /* Assets.xcassets in Resources */ = {isa = PBXBuildFile; fileRef = 59E7825C210EE21F00C19A41 /* Assets.xcassets */; };
		59E78260210EE21F00C19A41 /* LaunchScreen.storyboard in Resources */ = {isa = PBXBuildFile; fileRef = 59E7825E210EE21F00C19A41 /* LaunchScreen.storyboard */; };
/* End PBXBuildFile section */

/* Begin PBXFileReference section */
		593A942021173C0400F4F4A2 /* RewardsCollectionViewCell.swift */ = {isa = PBXFileReference; lastKnownFileType = sourcecode.swift; path = RewardsCollectionViewCell.swift; sourceTree = "<group>"; };
		593A942121173C0400F4F4A2 /* RewardsCollectionViewCell.xib */ = {isa = PBXFileReference; lastKnownFileType = file.xib; path = RewardsCollectionViewCell.xib; sourceTree = "<group>"; };
		593A94292117DD7800F4F4A2 /* RewardsTableViewCell.swift */ = {isa = PBXFileReference; lastKnownFileType = sourcecode.swift; path = RewardsTableViewCell.swift; sourceTree = "<group>"; };
		593A944B2119746800F4F4A2 /* HeaderCellTableViewCell.swift */ = {isa = PBXFileReference; lastKnownFileType = sourcecode.swift; path = HeaderCellTableViewCell.swift; sourceTree = "<group>"; };
		593A944C2119746800F4F4A2 /* HeaderCellTableViewCell.xib */ = {isa = PBXFileReference; lastKnownFileType = file.xib; path = HeaderCellTableViewCell.xib; sourceTree = "<group>"; };
		593A94532119C5E300F4F4A2 /* CategoryViewController.swift */ = {isa = PBXFileReference; lastKnownFileType = sourcecode.swift; path = CategoryViewController.swift; sourceTree = "<group>"; };
		596030172110640E00D84942 /* MenuView.swift */ = {isa = PBXFileReference; lastKnownFileType = sourcecode.swift; path = MenuView.swift; sourceTree = "<group>"; };
		597140B721102ECB005FA8DA /* MainViewController.swift */ = {isa = PBXFileReference; lastKnownFileType = sourcecode.swift; path = MainViewController.swift; sourceTree = "<group>"; };
		59C69D262114A1D50085FAD7 /* CategoryCollectionViewCell.swift */ = {isa = PBXFileReference; lastKnownFileType = sourcecode.swift; path = CategoryCollectionViewCell.swift; sourceTree = "<group>"; };
		59C69D272114A1D50085FAD7 /* CategoryCollectionViewCell.xib */ = {isa = PBXFileReference; lastKnownFileType = file.xib; path = CategoryCollectionViewCell.xib; sourceTree = "<group>"; };
		59C69D2D2114BE050085FAD7 /* CategoryTableViewCell.swift */ = {isa = PBXFileReference; lastKnownFileType = sourcecode.swift; path = CategoryTableViewCell.swift; sourceTree = "<group>"; };
		59C69D2F2115320D0085FAD7 /* RecommendTableViewCell.swift */ = {isa = PBXFileReference; lastKnownFileType = sourcecode.swift; path = RecommendTableViewCell.swift; sourceTree = "<group>"; };
		59E7824F210EE21C00C19A41 /* WadizProject.app */ = {isa = PBXFileReference; explicitFileType = wrapper.application; includeInIndex = 0; path = WadizProject.app; sourceTree = BUILT_PRODUCTS_DIR; };
		59E78252210EE21C00C19A41 /* AppDelegate.swift */ = {isa = PBXFileReference; lastKnownFileType = sourcecode.swift; path = AppDelegate.swift; sourceTree = "<group>"; };
		59E78257210EE21D00C19A41 /* Base */ = {isa = PBXFileReference; lastKnownFileType = file.storyboard; name = Base; path = Base.lproj/Main.storyboard; sourceTree = "<group>"; };
		59E7825A210EE21D00C19A41 /* WadizProject.xcdatamodel */ = {isa = PBXFileReference; lastKnownFileType = wrapper.xcdatamodel; path = WadizProject.xcdatamodel; sourceTree = "<group>"; };
		59E7825C210EE21F00C19A41 /* Assets.xcassets */ = {isa = PBXFileReference; lastKnownFileType = folder.assetcatalog; path = Assets.xcassets; sourceTree = "<group>"; };
		59E7825F210EE21F00C19A41 /* Base */ = {isa = PBXFileReference; lastKnownFileType = file.storyboard; name = Base; path = Base.lproj/LaunchScreen.storyboard; sourceTree = "<group>"; };
		59E78261210EE21F00C19A41 /* Info.plist */ = {isa = PBXFileReference; lastKnownFileType = text.plist.xml; path = Info.plist; sourceTree = "<group>"; };
/* End PBXFileReference section */

/* Begin PBXFrameworksBuildPhase section */
		59E7824C210EE21C00C19A41 /* Frameworks */ = {
			isa = PBXFrameworksBuildPhase;
			buildActionMask = 2147483647;
			files = (
			);
			runOnlyForDeploymentPostprocessing = 0;
		};
/* End PBXFrameworksBuildPhase section */

/* Begin PBXGroup section */
		593A942421173C1600F4F4A2 /* CollectionViewCell */ = {
			isa = PBXGroup;
			children = (
				59C69D262114A1D50085FAD7 /* CategoryCollectionViewCell.swift */,
				59C69D272114A1D50085FAD7 /* CategoryCollectionViewCell.xib */,
				593A942021173C0400F4F4A2 /* RewardsCollectionViewCell.swift */,
				593A942121173C0400F4F4A2 /* RewardsCollectionViewCell.xib */,
			);
			path = CollectionViewCell;
			sourceTree = "<group>";
		};
		597140AE21102637005FA8DA /* AppDelegate */ = {
			isa = PBXGroup;
			children = (
				59E78252210EE21C00C19A41 /* AppDelegate.swift */,
			);
			path = AppDelegate;
			sourceTree = "<group>";
		};
		597140AF2110264D005FA8DA /* Service */ = {
			isa = PBXGroup;
			children = (
			);
			path = Service;
			sourceTree = "<group>";
		};
		597140B021102669005FA8DA /* Model */ = {
			isa = PBXGroup;
			children = (
			);
			path = Model;
			sourceTree = "<group>";
		};
		597140B12110266E005FA8DA /* View */ = {
			isa = PBXGroup;
			children = (
				593A942421173C1600F4F4A2 /* CollectionViewCell */,
				59C69D2C2114BDD50085FAD7 /* TableViewCell */,
				596030172110640E00D84942 /* MenuView.swift */,
			);
			path = View;
			sourceTree = "<group>";
		};
		597140B221102671005FA8DA /* ViewController */ = {
			isa = PBXGroup;
			children = (
				593A94532119C5E300F4F4A2 /* CategoryViewController.swift */,
				597140B721102ECB005FA8DA /* MainViewController.swift */,
			);
			path = ViewController;
			sourceTree = "<group>";
		};
		597140B321102685005FA8DA /* Storyboard */ = {
			isa = PBXGroup;
			children = (
				59E78256210EE21D00C19A41 /* Main.storyboard */,
			);
			path = Storyboard;
			sourceTree = "<group>";
		};
		597140B42110269B005FA8DA /* Supporting File */ = {
			isa = PBXGroup;
			children = (
				59E7825E210EE21F00C19A41 /* LaunchScreen.storyboard */,
			);
			path = "Supporting File";
			sourceTree = "<group>";
		};
		597140B5211026BF005FA8DA /* Resources */ = {
			isa = PBXGroup;
			children = (
				59E7825C210EE21F00C19A41 /* Assets.xcassets */,
			);
			path = Resources;
			sourceTree = "<group>";
		};
		597140B6211026DB005FA8DA /* Sources */ = {
			isa = PBXGroup;
			children = (
				597140AE21102637005FA8DA /* AppDelegate */,
				597140B021102669005FA8DA /* Model */,
				597140B12110266E005FA8DA /* View */,
				597140B221102671005FA8DA /* ViewController */,
				597140AF2110264D005FA8DA /* Service */,
			);
			path = Sources;
			sourceTree = "<group>";
		};
		59C69D2C2114BDD50085FAD7 /* TableViewCell */ = {
			isa = PBXGroup;
			children = (
				593A944B2119746800F4F4A2 /* HeaderCellTableViewCell.swift */,
				593A944C2119746800F4F4A2 /* HeaderCellTableViewCell.xib */,
				59C69D2F2115320D0085FAD7 /* RecommendTableViewCell.swift */,
				59C69D2D2114BE050085FAD7 /* CategoryTableViewCell.swift */,
				593A94292117DD7800F4F4A2 /* RewardsTableViewCell.swift */,
			);
			path = TableViewCell;
			sourceTree = "<group>";
		};
		59E78246210EE21C00C19A41 = {
			isa = PBXGroup;
			children = (
				59E78251210EE21C00C19A41 /* WadizProject */,
				59E78250210EE21C00C19A41 /* Products */,
			);
			sourceTree = "<group>";
		};
		59E78250210EE21C00C19A41 /* Products */ = {
			isa = PBXGroup;
			children = (
				59E7824F210EE21C00C19A41 /* WadizProject.app */,
			);
			name = Products;
			sourceTree = "<group>";
		};
		59E78251210EE21C00C19A41 /* WadizProject */ = {
			isa = PBXGroup;
			children = (
				597140B321102685005FA8DA /* Storyboard */,
				597140B6211026DB005FA8DA /* Sources */,
				597140B5211026BF005FA8DA /* Resources */,
				597140B42110269B005FA8DA /* Supporting File */,
				59E78261210EE21F00C19A41 /* Info.plist */,
				59E78259210EE21D00C19A41 /* WadizProject.xcdatamodeld */,
			);
			path = WadizProject;
			sourceTree = "<group>";
		};
/* End PBXGroup section */

/* Begin PBXNativeTarget section */
		59E7824E210EE21C00C19A41 /* WadizProject */ = {
			isa = PBXNativeTarget;
			buildConfigurationList = 59E78264210EE21F00C19A41 /* Build configuration list for PBXNativeTarget "WadizProject" */;
			buildPhases = (
				59E7824B210EE21C00C19A41 /* Sources */,
				59E7824C210EE21C00C19A41 /* Frameworks */,
				59E7824D210EE21C00C19A41 /* Resources */,
			);
			buildRules = (
			);
			dependencies = (
			);
			name = WadizProject;
			productName = WadizProject;
			productReference = 59E7824F210EE21C00C19A41 /* WadizProject.app */;
			productType = "com.apple.product-type.application";
		};
/* End PBXNativeTarget section */

/* Begin PBXProject section */
		59E78247210EE21C00C19A41 /* Project object */ = {
			isa = PBXProject;
			attributes = {
				LastSwiftUpdateCheck = 0940;
				LastUpgradeCheck = 0940;
				ORGANIZATIONNAME = JhDAT;
				TargetAttributes = {
					59E7824E210EE21C00C19A41 = {
						CreatedOnToolsVersion = 9.4.1;
					};
				};
			};
			buildConfigurationList = 59E7824A210EE21C00C19A41 /* Build configuration list for PBXProject "WadizProject" */;
			compatibilityVersion = "Xcode 9.3";
			developmentRegion = en;
			hasScannedForEncodings = 0;
			knownRegions = (
				en,
				Base,
			);
			mainGroup = 59E78246210EE21C00C19A41;
			productRefGroup = 59E78250210EE21C00C19A41 /* Products */;
			projectDirPath = "";
			projectRoot = "";
			targets = (
				59E7824E210EE21C00C19A41 /* WadizProject */,
			);
		};
/* End PBXProject section */

/* Begin PBXResourcesBuildPhase section */
		59E7824D210EE21C00C19A41 /* Resources */ = {
			isa = PBXResourcesBuildPhase;
			buildActionMask = 2147483647;
			files = (
				59E78260210EE21F00C19A41 /* LaunchScreen.storyboard in Resources */,
				59E7825D210EE21F00C19A41 /* Assets.xcassets in Resources */,
				593A944E2119746800F4F4A2 /* HeaderCellTableViewCell.xib in Resources */,
				59E78258210EE21D00C19A41 /* Main.storyboard in Resources */,
				593A942321173C0400F4F4A2 /* RewardsCollectionViewCell.xib in Resources */,
				59C69D292114A1D50085FAD7 /* CategoryCollectionViewCell.xib in Resources */,
			);
			runOnlyForDeploymentPostprocessing = 0;
		};
/* End PBXResourcesBuildPhase section */

/* Begin PBXSourcesBuildPhase section */
		59E7824B210EE21C00C19A41 /* Sources */ = {
			isa = PBXSourcesBuildPhase;
			buildActionMask = 2147483647;
			files = (
				59E78253210EE21C00C19A41 /* AppDelegate.swift in Sources */,
				593A942221173C0400F4F4A2 /* RewardsCollectionViewCell.swift in Sources */,
				593A944D2119746800F4F4A2 /* HeaderCellTableViewCell.swift in Sources */,
				59C69D302115320D0085FAD7 /* RecommendTableViewCell.swift in Sources */,
				596030182110640E00D84942 /* MenuView.swift in Sources */,
				593A942A2117DD7800F4F4A2 /* RewardsTableViewCell.swift in Sources */,
				59E7825B210EE21D00C19A41 /* WadizProject.xcdatamodeld in Sources */,
				597140B821102ECB005FA8DA /* MainViewController.swift in Sources */,
				59C69D282114A1D50085FAD7 /* CategoryCollectionViewCell.swift in Sources */,
				593A94552119C5E300F4F4A2 /* CategoryViewController.swift in Sources */,
				59C69D2E2114BE050085FAD7 /* CategoryTableViewCell.swift in Sources */,
			);
			runOnlyForDeploymentPostprocessing = 0;
		};
/* End PBXSourcesBuildPhase section */

/* Begin PBXVariantGroup section */
		59E78256210EE21D00C19A41 /* Main.storyboard */ = {
			isa = PBXVariantGroup;
			children = (
				59E78257210EE21D00C19A41 /* Base */,
			);
			name = Main.storyboard;
			sourceTree = "<group>";
		};
		59E7825E210EE21F00C19A41 /* LaunchScreen.storyboard */ = {
			isa = PBXVariantGroup;
			children = (
				59E7825F210EE21F00C19A41 /* Base */,
			);
			name = LaunchScreen.storyboard;
			sourceTree = "<group>";
		};
/* End PBXVariantGroup section */

/* Begin XCBuildConfiguration section */
		59E78262210EE21F00C19A41 /* Debug */ = {
			isa = XCBuildConfiguration;
			buildSettings = {
				ALWAYS_SEARCH_USER_PATHS = NO;
				CLANG_ANALYZER_NONNULL = YES;
				CLANG_ANALYZER_NUMBER_OBJECT_CONVERSION = YES_AGGRESSIVE;
				CLANG_CXX_LANGUAGE_STANDARD = "gnu++14";
				CLANG_CXX_LIBRARY = "libc++";
				CLANG_ENABLE_MODULES = YES;
				CLANG_ENABLE_OBJC_ARC = YES;
				CLANG_ENABLE_OBJC_WEAK = YES;
				CLANG_WARN_BLOCK_CAPTURE_AUTORELEASING = YES;
				CLANG_WARN_BOOL_CONVERSION = YES;
				CLANG_WARN_COMMA = YES;
				CLANG_WARN_CONSTANT_CONVERSION = YES;
				CLANG_WARN_DEPRECATED_OBJC_IMPLEMENTATIONS = YES;
				CLANG_WARN_DIRECT_OBJC_ISA_USAGE = YES_ERROR;
				CLANG_WARN_DOCUMENTATION_COMMENTS = YES;
				CLANG_WARN_EMPTY_BODY = YES;
				CLANG_WARN_ENUM_CONVERSION = YES;
				CLANG_WARN_INFINITE_RECURSION = YES;
				CLANG_WARN_INT_CONVERSION = YES;
				CLANG_WARN_NON_LITERAL_NULL_CONVERSION = YES;
				CLANG_WARN_OBJC_IMPLICIT_RETAIN_SELF = YES;
				CLANG_WARN_OBJC_LITERAL_CONVERSION = YES;
				CLANG_WARN_OBJC_ROOT_CLASS = YES_ERROR;
				CLANG_WARN_RANGE_LOOP_ANALYSIS = YES;
				CLANG_WARN_STRICT_PROTOTYPES = YES;
				CLANG_WARN_SUSPICIOUS_MOVE = YES;
				CLANG_WARN_UNGUARDED_AVAILABILITY = YES_AGGRESSIVE;
				CLANG_WARN_UNREACHABLE_CODE = YES;
				CLANG_WARN__DUPLICATE_METHOD_MATCH = YES;
				CODE_SIGN_IDENTITY = "iPhone Developer";
				COPY_PHASE_STRIP = NO;
				DEBUG_INFORMATION_FORMAT = dwarf;
				ENABLE_STRICT_OBJC_MSGSEND = YES;
				ENABLE_TESTABILITY = YES;
				GCC_C_LANGUAGE_STANDARD = gnu11;
				GCC_DYNAMIC_NO_PIC = NO;
				GCC_NO_COMMON_BLOCKS = YES;
				GCC_OPTIMIZATION_LEVEL = 0;
				GCC_PREPROCESSOR_DEFINITIONS = (
					"DEBUG=1",
					"$(inherited)",
				);
				GCC_WARN_64_TO_32_BIT_CONVERSION = YES;
				GCC_WARN_ABOUT_RETURN_TYPE = YES_ERROR;
				GCC_WARN_UNDECLARED_SELECTOR = YES;
				GCC_WARN_UNINITIALIZED_AUTOS = YES_AGGRESSIVE;
				GCC_WARN_UNUSED_FUNCTION = YES;
				GCC_WARN_UNUSED_VARIABLE = YES;
				IPHONEOS_DEPLOYMENT_TARGET = 11.4;
				MTL_ENABLE_DEBUG_INFO = YES;
				ONLY_ACTIVE_ARCH = YES;
				SDKROOT = iphoneos;
				SWIFT_ACTIVE_COMPILATION_CONDITIONS = DEBUG;
				SWIFT_OPTIMIZATION_LEVEL = "-Onone";
			};
			name = Debug;
		};
		59E78263210EE21F00C19A41 /* Release */ = {
			isa = XCBuildConfiguration;
			buildSettings = {
				ALWAYS_SEARCH_USER_PATHS = NO;
				CLANG_ANALYZER_NONNULL = YES;
				CLANG_ANALYZER_NUMBER_OBJECT_CONVERSION = YES_AGGRESSIVE;
				CLANG_CXX_LANGUAGE_STANDARD = "gnu++14";
				CLANG_CXX_LIBRARY = "libc++";
				CLANG_ENABLE_MODULES = YES;
				CLANG_ENABLE_OBJC_ARC = YES;
				CLANG_ENABLE_OBJC_WEAK = YES;
				CLANG_WARN_BLOCK_CAPTURE_AUTORELEASING = YES;
				CLANG_WARN_BOOL_CONVERSION = YES;
				CLANG_WARN_COMMA = YES;
				CLANG_WARN_CONSTANT_CONVERSION = YES;
				CLANG_WARN_DEPRECATED_OBJC_IMPLEMENTATIONS = YES;
				CLANG_WARN_DIRECT_OBJC_ISA_USAGE = YES_ERROR;
				CLANG_WARN_DOCUMENTATION_COMMENTS = YES;
				CLANG_WARN_EMPTY_BODY = YES;
				CLANG_WARN_ENUM_CONVERSION = YES;
				CLANG_WARN_INFINITE_RECURSION = YES;
				CLANG_WARN_INT_CONVERSION = YES;
				CLANG_WARN_NON_LITERAL_NULL_CONVERSION = YES;
				CLANG_WARN_OBJC_IMPLICIT_RETAIN_SELF = YES;
				CLANG_WARN_OBJC_LITERAL_CONVERSION = YES;
				CLANG_WARN_OBJC_ROOT_CLASS = YES_ERROR;
				CLANG_WARN_RANGE_LOOP_ANALYSIS = YES;
				CLANG_WARN_STRICT_PROTOTYPES = YES;
				CLANG_WARN_SUSPICIOUS_MOVE = YES;
				CLANG_WARN_UNGUARDED_AVAILABILITY = YES_AGGRESSIVE;
				CLANG_WARN_UNREACHABLE_CODE = YES;
				CLANG_WARN__DUPLICATE_METHOD_MATCH = YES;
				CODE_SIGN_IDENTITY = "iPhone Developer";
				COPY_PHASE_STRIP = NO;
				DEBUG_INFORMATION_FORMAT = "dwarf-with-dsym";
				ENABLE_NS_ASSERTIONS = NO;
				ENABLE_STRICT_OBJC_MSGSEND = YES;
				GCC_C_LANGUAGE_STANDARD = gnu11;
				GCC_NO_COMMON_BLOCKS = YES;
				GCC_WARN_64_TO_32_BIT_CONVERSION = YES;
				GCC_WARN_ABOUT_RETURN_TYPE = YES_ERROR;
				GCC_WARN_UNDECLARED_SELECTOR = YES;
				GCC_WARN_UNINITIALIZED_AUTOS = YES_AGGRESSIVE;
				GCC_WARN_UNUSED_FUNCTION = YES;
				GCC_WARN_UNUSED_VARIABLE = YES;
				IPHONEOS_DEPLOYMENT_TARGET = 11.4;
				MTL_ENABLE_DEBUG_INFO = NO;
				SDKROOT = iphoneos;
				SWIFT_COMPILATION_MODE = wholemodule;
				SWIFT_OPTIMIZATION_LEVEL = "-O";
				VALIDATE_PRODUCT = YES;
			};
			name = Release;
		};
		59E78265210EE21F00C19A41 /* Debug */ = {
			isa = XCBuildConfiguration;
			buildSettings = {
				ASSETCATALOG_COMPILER_APPICON_NAME = AppIcon;
				CODE_SIGN_STYLE = Automatic;
				DEVELOPMENT_TEAM = G4MM77V7NH;
				INFOPLIST_FILE = WadizProject/Info.plist;
				LD_RUNPATH_SEARCH_PATHS = (
					"$(inherited)",
					"@executable_path/Frameworks",
				);
				PRODUCT_BUNDLE_IDENTIFIER = com.JhDAT.WadizProject;
				PRODUCT_NAME = "$(TARGET_NAME)";
				SWIFT_VERSION = 4.0;
				TARGETED_DEVICE_FAMILY = "1,2";
			};
			name = Debug;
		};
		59E78266210EE21F00C19A41 /* Release */ = {
			isa = XCBuildConfiguration;
			buildSettings = {
				ASSETCATALOG_COMPILER_APPICON_NAME = AppIcon;
				CODE_SIGN_STYLE = Automatic;
				DEVELOPMENT_TEAM = G4MM77V7NH;
				INFOPLIST_FILE = WadizProject/Info.plist;
				LD_RUNPATH_SEARCH_PATHS = (
					"$(inherited)",
					"@executable_path/Frameworks",
				);
				PRODUCT_BUNDLE_IDENTIFIER = com.JhDAT.WadizProject;
				PRODUCT_NAME = "$(TARGET_NAME)";
				SWIFT_VERSION = 4.0;
				TARGETED_DEVICE_FAMILY = "1,2";
			};
			name = Release;
		};
/* End XCBuildConfiguration section */

/* Begin XCConfigurationList section */
		59E7824A210EE21C00C19A41 /* Build configuration list for PBXProject "WadizProject" */ = {
			isa = XCConfigurationList;
			buildConfigurations = (
				59E78262210EE21F00C19A41 /* Debug */,
				59E78263210EE21F00C19A41 /* Release */,
			);
			defaultConfigurationIsVisible = 0;
			defaultConfigurationName = Release;
		};
		59E78264210EE21F00C19A41 /* Build configuration list for PBXNativeTarget "WadizProject" */ = {
			isa = XCConfigurationList;
			buildConfigurations = (
				59E78265210EE21F00C19A41 /* Debug */,
				59E78266210EE21F00C19A41 /* Release */,
			);
			defaultConfigurationIsVisible = 0;
			defaultConfigurationName = Release;
		};
/* End XCConfigurationList section */

/* Begin XCVersionGroup section */
		59E78259210EE21D00C19A41 /* WadizProject.xcdatamodeld */ = {
			isa = XCVersionGroup;
			children = (
				59E7825A210EE21D00C19A41 /* WadizProject.xcdatamodel */,
			);
			currentVersion = 59E7825A210EE21D00C19A41 /* WadizProject.xcdatamodel */;
			path = WadizProject.xcdatamodeld;
			sourceTree = "<group>";
			versionGroupType = wrapper.xcdatamodel;
		};
/* End XCVersionGroup section */
	};
	rootObject = 59E78247210EE21C00C19A41 /* Project object */;
}
